
Microsoft Visual Studio Solution File, Format Version 12.00
# Visual Studio Version 17
VisualStudioVersion = 17.7.33927.210
MinimumVisualStudioVersion = 10.0.40219.1
Project("{FAE04EC0-301F-11D3-BF4B-00C04F79EFBC}") = "APICatalogo", "APICatalogo\APICatalogo.csproj", "{977846CC-8D18-4386-8C20-3030FADEC0FB}"
EndProject
Global
	GlobalSection(SolutionConfigurationPlatforms) = preSolution
		Debug|Any CPU = Debug|Any CPU
		Release|Any CPU = Release|Any CPU
	EndGlobalSection
	GlobalSection(ProjectConfigurationPlatforms) = postSolution
		{977846CC-8D18-4386-8C20-3030FADEC0FB}.Debug|Any CPU.ActiveCfg = Debug|Any CPU
		{977846CC-8D18-4386-8C20-3030FADEC0FB}.Debug|Any CPU.Build.0 = Debug|Any CPU
		{977846CC-8D18-4386-8C20-3030FADEC0FB}.Release|Any CPU.ActiveCfg = Release|Any CPU
		{977846CC-8D18-4386-8C20-3030FADEC0FB}.Release|Any CPU.Build.0 = Release|Any CPU
	EndGlobalSection
	GlobalSection(SolutionProperties) = preSolution
		HideSolutionNode = FALSE
	EndGlobalSection
	GlobalSection(ExtensibilityGlobals) = postSolution
		SolutionGuid = {3B88CBEC-B888-4947-8F1C-8BC5C100247F}
	EndGlobalSection
EndGlobal
